// !$*UTF8*$!
{
	archiveVersion = 1;
	classes = {
	};
	objectVersion = 46;
	objects = {

/* Begin PBXBuildFile section */
		4D00FF411AB7DEB100848A9D /* HaloExplosion.sks in Resources */ = {isa = PBXBuildFile; fileRef = 4D00FF3F1AB7DEB100848A9D /* HaloExplosion.sks */; };
		4D00FF421AB7DEB100848A9D /* spark.png in Resources */ = {isa = PBXBuildFile; fileRef = 4D00FF401AB7DEB100848A9D /* spark.png */; };
		4D00FF441AB7F30800848A9D /* MyParticle.sks in Resources */ = {isa = PBXBuildFile; fileRef = 4D00FF431AB7F30800848A9D /* MyParticle.sks */; };
		4D00FF461AB7F34600848A9D /* LifeBarExplosion.sks in Resources */ = {isa = PBXBuildFile; fileRef = 4D00FF451AB7F34600848A9D /* LifeBarExplosion.sks */; };
		4D109E651ABE7ABB00D1BC76 /* PlayButton@2x.png in Resources */ = {isa = PBXBuildFile; fileRef = 4D109E611ABE7ABB00D1BC76 /* PlayButton@2x.png */; };
		4D109E661ABE7ABB00D1BC76 /* ScoreBoard@2x.png in Resources */ = {isa = PBXBuildFile; fileRef = 4D109E621ABE7ABB00D1BC76 /* ScoreBoard@2x.png */; };
		4D109E671ABE7ABB00D1BC76 /* Starfield@2x.png in Resources */ = {isa = PBXBuildFile; fileRef = 4D109E631ABE7ABB00D1BC76 /* Starfield@2x.png */; };
		4D109E681ABE7ABB00D1BC76 /* Title@2x.png in Resources */ = {isa = PBXBuildFile; fileRef = 4D109E641ABE7ABB00D1BC76 /* Title@2x.png */; };
		4D2BA2561ABE81940001758A /* Azure.caf in Resources */ = {isa = PBXBuildFile; fileRef = 4D2BA2511ABE81940001758A /* Azure.caf */; };
		4D2BA2571ABE81940001758A /* DeepExplosion.caf in Resources */ = {isa = PBXBuildFile; fileRef = 4D2BA2521ABE81940001758A /* DeepExplosion.caf */; };
		4D2BA2581ABE81940001758A /* Explosion.caf in Resources */ = {isa = PBXBuildFile; fileRef = 4D2BA2531ABE81940001758A /* Explosion.caf */; };
		4D2BA2591ABE81940001758A /* Laser.caf in Resources */ = {isa = PBXBuildFile; fileRef = 4D2BA2541ABE81940001758A /* Laser.caf */; };
		4D2BA25A1ABE81940001758A /* Zap.caf in Resources */ = {isa = PBXBuildFile; fileRef = 4D2BA2551ABE81940001758A /* Zap.caf */; };
		4D2BA2611ABE82320001758A /* Azure.caf in Resources */ = {isa = PBXBuildFile; fileRef = 4D2BA25C1ABE82320001758A /* Azure.caf */; };
		4D2BA2621ABE82320001758A /* DeepExplosion.caf in Resources */ = {isa = PBXBuildFile; fileRef = 4D2BA25D1ABE82320001758A /* DeepExplosion.caf */; };
		4D2BA2631ABE82320001758A /* Explosion.caf in Resources */ = {isa = PBXBuildFile; fileRef = 4D2BA25E1ABE82320001758A /* Explosion.caf */; };
		4D2BA2641ABE82320001758A /* Laser.caf in Resources */ = {isa = PBXBuildFile; fileRef = 4D2BA25F1ABE82320001758A /* Laser.caf */; };
		4D2BA2651ABE82320001758A /* Zap.caf in Resources */ = {isa = PBXBuildFile; fileRef = 4D2BA2601ABE82320001758A /* Zap.caf */; };
		4D2BA2681ABE89E60001758A /* CCMenu.m in Sources */ = {isa = PBXBuildFile; fileRef = 4D2BA2671ABE89E60001758A /* CCMenu.m */; };
		4D3EC6661AC1210D00E93FC2 /* Bounce.caf in Resources */ = {isa = PBXBuildFile; fileRef = 4D3EC6651AC1210D00E93FC2 /* Bounce.caf */; };
		4D6531B91ABE771600CA6301 /* Ammo0@2x.png in Resources */ = {isa = PBXBuildFile; fileRef = 4D6531A81ABE771600CA6301 /* Ammo0@2x.png */; };
		4D6531BA1ABE771600CA6301 /* Ammo1@2x.png in Resources */ = {isa = PBXBuildFile; fileRef = 4D6531A91ABE771600CA6301 /* Ammo1@2x.png */; };
		4D6531BB1ABE771600CA6301 /* Ammo2@2x.png in Resources */ = {isa = PBXBuildFile; fileRef = 4D6531AA1ABE771600CA6301 /* Ammo2@2x.png */; };
		4D6531BC1ABE771600CA6301 /* Ammo3@2x.png in Resources */ = {isa = PBXBuildFile; fileRef = 4D6531AB1ABE771600CA6301 /* Ammo3@2x.png */; };
		4D6531BD1ABE771600CA6301 /* Ammo4@2x.png in Resources */ = {isa = PBXBuildFile; fileRef = 4D6531AC1ABE771600CA6301 /* Ammo4@2x.png */; };
		4D6531BE1ABE771600CA6301 /* Ammo5@2x.png in Resources */ = {isa = PBXBuildFile; fileRef = 4D6531AD1ABE771600CA6301 /* Ammo5@2x.png */; };
		4D6531BF1ABE771600CA6301 /* Ball@2x.png in Resources */ = {isa = PBXBuildFile; fileRef = 4D6531AE1ABE771600CA6301 /* Ball@2x.png */; };
		4D6531C01ABE771600CA6301 /* Block@2x.png in Resources */ = {isa = PBXBuildFile; fileRef = 4D6531AF1ABE771600CA6301 /* Block@2x.png */; };
		4D6531C11ABE771600CA6301 /* BlueBar@2x.png in Resources */ = {isa = PBXBuildFile; fileRef = 4D6531B01ABE771600CA6301 /* BlueBar@2x.png */; };
		4D6531C21ABE771600CA6301 /* Cannon@2x.png in Resources */ = {isa = PBXBuildFile; fileRef = 4D6531B11ABE771600CA6301 /* Cannon@2x.png */; };
		4D6531C31ABE771600CA6301 /* Halo@2x.png in Resources */ = {isa = PBXBuildFile; fileRef = 4D6531B21ABE771600CA6301 /* Halo@2x.png */; };
		4D6531C41ABE771600CA6301 /* Starfield@2x.png in Resources */ = {isa = PBXBuildFile; fileRef = 4D6531B31ABE771600CA6301 /* Starfield@2x.png */; };
		4D9130C81AC1455200D418E4 /* BallTrail.sks in Resources */ = {isa = PBXBuildFile; fileRef = 4D9130C71AC1455200D418E4 /* BallTrail.sks */; };
		4D9130CB1AC1489F00D418E4 /* CCBall.m in Sources */ = {isa = PBXBuildFile; fileRef = 4D9130CA1AC1489F00D418E4 /* CCBall.m */; };
		4DD07EFB1AB129A000846D9A /* Foundation.framework in Frameworks */ = {isa = PBXBuildFile; fileRef = 4DD07EFA1AB129A000846D9A /* Foundation.framework */; };
		4DD07EFD1AB129A000846D9A /* CoreGraphics.framework in Frameworks */ = {isa = PBXBuildFile; fileRef = 4DD07EFC1AB129A000846D9A /* CoreGraphics.framework */; };
		4DD07EFF1AB129A000846D9A /* UIKit.framework in Frameworks */ = {isa = PBXBuildFile; fileRef = 4DD07EFE1AB129A000846D9A /* UIKit.framework */; };
		4DD07F011AB129A000846D9A /* SpriteKit.framework in Frameworks */ = {isa = PBXBuildFile; fileRef = 4DD07F001AB129A000846D9A /* SpriteKit.framework */; };
		4DD07F071AB129A000846D9A /* InfoPlist.strings in Resources */ = {isa = PBXBuildFile; fileRef = 4DD07F051AB129A000846D9A /* InfoPlist.strings */; };
		4DD07F091AB129A000846D9A /* main.m in Sources */ = {isa = PBXBuildFile; fileRef = 4DD07F081AB129A000846D9A /* main.m */; };
		4DD07F0D1AB129A000846D9A /* CCAppDelegate.m in Sources */ = {isa = PBXBuildFile; fileRef = 4DD07F0C1AB129A000846D9A /* CCAppDelegate.m */; };
		4DD07F101AB129A000846D9A /* Main_iPhone.storyboard in Resources */ = {isa = PBXBuildFile; fileRef = 4DD07F0E1AB129A000846D9A /* Main_iPhone.storyboard */; };
		4DD07F131AB129A000846D9A /* Main_iPad.storyboard in Resources */ = {isa = PBXBuildFile; fileRef = 4DD07F111AB129A000846D9A /* Main_iPad.storyboard */; };
		4DD07F161AB129A000846D9A /* CCViewController.m in Sources */ = {isa = PBXBuildFile; fileRef = 4DD07F151AB129A000846D9A /* CCViewController.m */; };
		4DD07F191AB129A000846D9A /* CCMyScene.m in Sources */ = {isa = PBXBuildFile; fileRef = 4DD07F181AB129A000846D9A /* CCMyScene.m */; };
		4DD07F1D1AB129A000846D9A /* Images.xcassets in Resources */ = {isa = PBXBuildFile; fileRef = 4DD07F1C1AB129A000846D9A /* Images.xcassets */; };
		4DD07F241AB129A000846D9A /* XCTest.framework in Frameworks */ = {isa = PBXBuildFile; fileRef = 4DD07F231AB129A000846D9A /* XCTest.framework */; };
		4DD07F251AB129A000846D9A /* Foundation.framework in Frameworks */ = {isa = PBXBuildFile; fileRef = 4DD07EFA1AB129A000846D9A /* Foundation.framework */; };
		4DD07F261AB129A000846D9A /* UIKit.framework in Frameworks */ = {isa = PBXBuildFile; fileRef = 4DD07EFE1AB129A000846D9A /* UIKit.framework */; };
		4DD07F2E1AB129A000846D9A /* InfoPlist.strings in Resources */ = {isa = PBXBuildFile; fileRef = 4DD07F2C1AB129A000846D9A /* InfoPlist.strings */; };
		4DD07F301AB129A000846D9A /* Space_CannonTests.m in Sources */ = {isa = PBXBuildFile; fileRef = 4DD07F2F1AB129A000846D9A /* Space_CannonTests.m */; };
/* End PBXBuildFile section */

/* Begin PBXContainerItemProxy section */
		4DD07F271AB129A000846D9A /* PBXContainerItemProxy */ = {
			isa = PBXContainerItemProxy;
			containerPortal = 4DD07EEF1AB129A000846D9A /* Project object */;
			proxyType = 1;
			remoteGlobalIDString = 4DD07EF61AB129A000846D9A;
			remoteInfo = "Space Cannon";
		};
/* End PBXContainerItemProxy section */

/* Begin PBXFileReference section */
		4D00FF3F1AB7DEB100848A9D /* HaloExplosion.sks */ = {isa = PBXFileReference; lastKnownFileType = file.sks; path = HaloExplosion.sks; sourceTree = "<group>"; };
		4D00FF401AB7DEB100848A9D /* spark.png */ = {isa = PBXFileReference; lastKnownFileType = image.png; path = spark.png; sourceTree = "<group>"; };
		4D00FF431AB7F30800848A9D /* MyParticle.sks */ = {isa = PBXFileReference; lastKnownFileType = file.sks; path = MyParticle.sks; sourceTree = "<group>"; };
		4D00FF451AB7F34600848A9D /* LifeBarExplosion.sks */ = {isa = PBXFileReference; lastKnownFileType = file.sks; path = LifeBarExplosion.sks; sourceTree = "<group>"; };
		4D109E611ABE7ABB00D1BC76 /* PlayButton@2x.png */ = {isa = PBXFileReference; lastKnownFileType = image.png; path = "PlayButton@2x.png"; sourceTree = "<group>"; };
		4D109E621ABE7ABB00D1BC76 /* ScoreBoard@2x.png */ = {isa = PBXFileReference; lastKnownFileType = image.png; path = "ScoreBoard@2x.png"; sourceTree = "<group>"; };
		4D109E631ABE7ABB00D1BC76 /* Starfield@2x.png */ = {isa = PBXFileReference; lastKnownFileType = image.png; path = "Starfield@2x.png"; sourceTree = "<group>"; };
		4D109E641ABE7ABB00D1BC76 /* Title@2x.png */ = {isa = PBXFileReference; lastKnownFileType = image.png; path = "Title@2x.png"; sourceTree = "<group>"; };
		4D2BA2511ABE81940001758A /* Azure.caf */ = {isa = PBXFileReference; lastKnownFileType = file; path = Azure.caf; sourceTree = "<group>"; };
		4D2BA2521ABE81940001758A /* DeepExplosion.caf */ = {isa = PBXFileReference; lastKnownFileType = file; path = DeepExplosion.caf; sourceTree = "<group>"; };
		4D2BA2531ABE81940001758A /* Explosion.caf */ = {isa = PBXFileReference; lastKnownFileType = file; path = Explosion.caf; sourceTree = "<group>"; };
		4D2BA2541ABE81940001758A /* Laser.caf */ = {isa = PBXFileReference; lastKnownFileType = file; path = Laser.caf; sourceTree = "<group>"; };
		4D2BA2551ABE81940001758A /* Zap.caf */ = {isa = PBXFileReference; lastKnownFileType = file; path = Zap.caf; sourceTree = "<group>"; };
		4D2BA25C1ABE82320001758A /* Azure.caf */ = {isa = PBXFileReference; lastKnownFileType = file; path = Azure.caf; sourceTree = "<group>"; };
		4D2BA25D1ABE82320001758A /* DeepExplosion.caf */ = {isa = PBXFileReference; lastKnownFileType = file; path = DeepExplosion.caf; sourceTree = "<group>"; };
		4D2BA25E1ABE82320001758A /* Explosion.caf */ = {isa = PBXFileReference; lastKnownFileType = file; path = Explosion.caf; sourceTree = "<group>"; };
		4D2BA25F1ABE82320001758A /* Laser.caf */ = {isa = PBXFileReference; lastKnownFileType = file; path = Laser.caf; sourceTree = "<group>"; };
		4D2BA2601ABE82320001758A /* Zap.caf */ = {isa = PBXFileReference; lastKnownFileType = file; path = Zap.caf; sourceTree = "<group>"; };
		4D2BA2661ABE89E60001758A /* CCMenu.h */ = {isa = PBXFileReference; fileEncoding = 4; lastKnownFileType = sourcecode.c.h; path = CCMenu.h; sourceTree = "<group>"; };
		4D2BA2671ABE89E60001758A /* CCMenu.m */ = {isa = PBXFileReference; fileEncoding = 4; lastKnownFileType = sourcecode.c.objc; path = CCMenu.m; sourceTree = "<group>"; };
		4D3EC6651AC1210D00E93FC2 /* Bounce.caf */ = {isa = PBXFileReference; lastKnownFileType = file; path = Bounce.caf; sourceTree = "<group>"; };
		4D6531A81ABE771600CA6301 /* Ammo0@2x.png */ = {isa = PBXFileReference; lastKnownFileType = image.png; path = "Ammo0@2x.png"; sourceTree = "<group>"; };
		4D6531A91ABE771600CA6301 /* Ammo1@2x.png */ = {isa = PBXFileReference; lastKnownFileType = image.png; path = "Ammo1@2x.png"; sourceTree = "<group>"; };
		4D6531AA1ABE771600CA6301 /* Ammo2@2x.png */ = {isa = PBXFileReference; lastKnownFileType = image.png; path = "Ammo2@2x.png"; sourceTree = "<group>"; };
		4D6531AB1ABE771600CA6301 /* Ammo3@2x.png */ = {isa = PBXFileReference; lastKnownFileType = image.png; path = "Ammo3@2x.png"; sourceTree = "<group>"; };
		4D6531AC1ABE771600CA6301 /* Ammo4@2x.png */ = {isa = PBXFileReference; lastKnownFileType = image.png; path = "Ammo4@2x.png"; sourceTree = "<group>"; };
		4D6531AD1ABE771600CA6301 /* Ammo5@2x.png */ = {isa = PBXFileReference; lastKnownFileType = image.png; path = "Ammo5@2x.png"; sourceTree = "<group>"; };
		4D6531AE1ABE771600CA6301 /* Ball@2x.png */ = {isa = PBXFileReference; lastKnownFileType = image.png; path = "Ball@2x.png"; sourceTree = "<group>"; };
		4D6531AF1ABE771600CA6301 /* Block@2x.png */ = {isa = PBXFileReference; lastKnownFileType = image.png; path = "Block@2x.png"; sourceTree = "<group>"; };
		4D6531B01ABE771600CA6301 /* BlueBar@2x.png */ = {isa = PBXFileReference; lastKnownFileType = image.png; path = "BlueBar@2x.png"; sourceTree = "<group>"; };
		4D6531B11ABE771600CA6301 /* Cannon@2x.png */ = {isa = PBXFileReference; lastKnownFileType = image.png; path = "Cannon@2x.png"; sourceTree = "<group>"; };
		4D6531B21ABE771600CA6301 /* Halo@2x.png */ = {isa = PBXFileReference; lastKnownFileType = image.png; path = "Halo@2x.png"; sourceTree = "<group>"; };
		4D6531B31ABE771600CA6301 /* Starfield@2x.png */ = {isa = PBXFileReference; lastKnownFileType = image.png; path = "Starfield@2x.png"; sourceTree = "<group>"; };
		4D9130C71AC1455200D418E4 /* BallTrail.sks */ = {isa = PBXFileReference; lastKnownFileType = file.sks; path = BallTrail.sks; sourceTree = "<group>"; };
		4D9130C91AC1489F00D418E4 /* CCBall.h */ = {isa = PBXFileReference; fileEncoding = 4; lastKnownFileType = sourcecode.c.h; path = CCBall.h; sourceTree = "<group>"; };
		4D9130CA1AC1489F00D418E4 /* CCBall.m */ = {isa = PBXFileReference; fileEncoding = 4; lastKnownFileType = sourcecode.c.objc; path = CCBall.m; sourceTree = "<group>"; };
		4DD07EF71AB129A000846D9A /* Space Cannon.app */ = {isa = PBXFileReference; explicitFileType = wrapper.application; includeInIndex = 0; path = "Space Cannon.app"; sourceTree = BUILT_PRODUCTS_DIR; };
		4DD07EFA1AB129A000846D9A /* Foundation.framework */ = {isa = PBXFileReference; lastKnownFileType = wrapper.framework; name = Foundation.framework; path = System/Library/Frameworks/Foundation.framework; sourceTree = SDKROOT; };
		4DD07EFC1AB129A000846D9A /* CoreGraphics.framework */ = {isa = PBXFileReference; lastKnownFileType = wrapper.framework; name = CoreGraphics.framework; path = System/Library/Frameworks/CoreGraphics.framework; sourceTree = SDKROOT; };
		4DD07EFE1AB129A000846D9A /* UIKit.framework */ = {isa = PBXFileReference; lastKnownFileType = wrapper.framework; name = UIKit.framework; path = System/Library/Frameworks/UIKit.framework; sourceTree = SDKROOT; };
		4DD07F001AB129A000846D9A /* SpriteKit.framework */ = {isa = PBXFileReference; lastKnownFileType = wrapper.framework; name = SpriteKit.framework; path = System/Library/Frameworks/SpriteKit.framework; sourceTree = SDKROOT; };
		4DD07F041AB129A000846D9A /* Space Cannon-Info.plist */ = {isa = PBXFileReference; lastKnownFileType = text.plist.xml; path = "Space Cannon-Info.plist"; sourceTree = "<group>"; };
		4DD07F061AB129A000846D9A /* en */ = {isa = PBXFileReference; lastKnownFileType = text.plist.strings; name = en; path = en.lproj/InfoPlist.strings; sourceTree = "<group>"; };
		4DD07F081AB129A000846D9A /* main.m */ = {isa = PBXFileReference; lastKnownFileType = sourcecode.c.objc; path = main.m; sourceTree = "<group>"; };
		4DD07F0A1AB129A000846D9A /* Space Cannon-Prefix.pch */ = {isa = PBXFileReference; lastKnownFileType = sourcecode.c.h; path = "Space Cannon-Prefix.pch"; sourceTree = "<group>"; };
		4DD07F0B1AB129A000846D9A /* CCAppDelegate.h */ = {isa = PBXFileReference; lastKnownFileType = sourcecode.c.h; path = CCAppDelegate.h; sourceTree = "<group>"; };
		4DD07F0C1AB129A000846D9A /* CCAppDelegate.m */ = {isa = PBXFileReference; lastKnownFileType = sourcecode.c.objc; path = CCAppDelegate.m; sourceTree = "<group>"; };
		4DD07F0F1AB129A000846D9A /* Base */ = {isa = PBXFileReference; lastKnownFileType = file.storyboard; name = Base; path = Base.lproj/Main_iPhone.storyboard; sourceTree = "<group>"; };
		4DD07F121AB129A000846D9A /* Base */ = {isa = PBXFileReference; lastKnownFileType = file.storyboard; name = Base; path = Base.lproj/Main_iPad.storyboard; sourceTree = "<group>"; };
		4DD07F141AB129A000846D9A /* CCViewController.h */ = {isa = PBXFileReference; lastKnownFileType = sourcecode.c.h; path = CCViewController.h; sourceTree = "<group>"; };
		4DD07F151AB129A000846D9A /* CCViewController.m */ = {isa = PBXFileReference; lastKnownFileType = sourcecode.c.objc; path = CCViewController.m; sourceTree = "<group>"; };
		4DD07F171AB129A000846D9A /* CCMyScene.h */ = {isa = PBXFileReference; lastKnownFileType = sourcecode.c.h; path = CCMyScene.h; sourceTree = "<group>"; };
		4DD07F181AB129A000846D9A /* CCMyScene.m */ = {isa = PBXFileReference; lastKnownFileType = sourcecode.c.objc; path = CCMyScene.m; sourceTree = "<group>"; };
		4DD07F1C1AB129A000846D9A /* Images.xcassets */ = {isa = PBXFileReference; lastKnownFileType = folder.assetcatalog; path = Images.xcassets; sourceTree = "<group>"; };
		4DD07F221AB129A000846D9A /* Space CannonTests.xctest */ = {isa = PBXFileReference; explicitFileType = wrapper.cfbundle; includeInIndex = 0; path = "Space CannonTests.xctest"; sourceTree = BUILT_PRODUCTS_DIR; };
		4DD07F231AB129A000846D9A /* XCTest.framework */ = {isa = PBXFileReference; lastKnownFileType = wrapper.framework; name = XCTest.framework; path = Library/Frameworks/XCTest.framework; sourceTree = DEVELOPER_DIR; };
		4DD07F2B1AB129A000846D9A /* Space CannonTests-Info.plist */ = {isa = PBXFileReference; lastKnownFileType = text.plist.xml; path = "Space CannonTests-Info.plist"; sourceTree = "<group>"; };
		4DD07F2D1AB129A000846D9A /* en */ = {isa = PBXFileReference; lastKnownFileType = text.plist.strings; name = en; path = en.lproj/InfoPlist.strings; sourceTree = "<group>"; };
		4DD07F2F1AB129A000846D9A /* Space_CannonTests.m */ = {isa = PBXFileReference; lastKnownFileType = sourcecode.c.objc; path = Space_CannonTests.m; sourceTree = "<group>"; };
/* End PBXFileReference section */

/* Begin PBXFrameworksBuildPhase section */
		4DD07EF41AB129A000846D9A /* Frameworks */ = {
			isa = PBXFrameworksBuildPhase;
			buildActionMask = 2147483647;
			files = (
				4DD07EFD1AB129A000846D9A /* CoreGraphics.framework in Frameworks */,
				4DD07EFF1AB129A000846D9A /* UIKit.framework in Frameworks */,
				4DD07F011AB129A000846D9A /* SpriteKit.framework in Frameworks */,
				4DD07EFB1AB129A000846D9A /* Foundation.framework in Frameworks */,
			);
			runOnlyForDeploymentPostprocessing = 0;
		};
		4DD07F1F1AB129A000846D9A /* Frameworks */ = {
			isa = PBXFrameworksBuildPhase;
			buildActionMask = 2147483647;
			files = (
				4DD07F241AB129A000846D9A /* XCTest.framework in Frameworks */,
				4DD07F261AB129A000846D9A /* UIKit.framework in Frameworks */,
				4DD07F251AB129A000846D9A /* Foundation.framework in Frameworks */,
			);
			runOnlyForDeploymentPostprocessing = 0;
		};
/* End PBXFrameworksBuildPhase section */

/* Begin PBXGroup section */
		4D2BA2501ABE81940001758A /* Sounds */ = {
			isa = PBXGroup;
			children = (
				4D3EC6651AC1210D00E93FC2 /* Bounce.caf */,
				4D2BA2511ABE81940001758A /* Azure.caf */,
				4D2BA2521ABE81940001758A /* DeepExplosion.caf */,
				4D2BA2531ABE81940001758A /* Explosion.caf */,
				4D2BA2541ABE81940001758A /* Laser.caf */,
				4D2BA2551ABE81940001758A /* Zap.caf */,
			);
			path = Sounds;
			sourceTree = "<group>";
		};
		4D2BA25B1ABE82320001758A /* Sounds */ = {
			isa = PBXGroup;
			children = (
				4D2BA25C1ABE82320001758A /* Azure.caf */,
				4D2BA25D1ABE82320001758A /* DeepExplosion.caf */,
				4D2BA25E1ABE82320001758A /* Explosion.caf */,
				4D2BA25F1ABE82320001758A /* Laser.caf */,
				4D2BA2601ABE82320001758A /* Zap.caf */,
			);
			name = Sounds;
			path = "Space Cannon/Sounds";
			sourceTree = "<group>";
		};
		4D6531A71ABE771600CA6301 /* Images */ = {
			isa = PBXGroup;
			children = (
				4D109E611ABE7ABB00D1BC76 /* PlayButton@2x.png */,
				4D109E621ABE7ABB00D1BC76 /* ScoreBoard@2x.png */,
				4D109E631ABE7ABB00D1BC76 /* Starfield@2x.png */,
				4D109E641ABE7ABB00D1BC76 /* Title@2x.png */,
				4D6531A81ABE771600CA6301 /* Ammo0@2x.png */,
				4D6531A91ABE771600CA6301 /* Ammo1@2x.png */,
				4D6531AA1ABE771600CA6301 /* Ammo2@2x.png */,
				4D6531AB1ABE771600CA6301 /* Ammo3@2x.png */,
				4D6531AC1ABE771600CA6301 /* Ammo4@2x.png */,
				4D6531AD1ABE771600CA6301 /* Ammo5@2x.png */,
				4D6531AE1ABE771600CA6301 /* Ball@2x.png */,
				4D6531AF1ABE771600CA6301 /* Block@2x.png */,
				4D6531B01ABE771600CA6301 /* BlueBar@2x.png */,
				4D6531B11ABE771600CA6301 /* Cannon@2x.png */,
				4D6531B21ABE771600CA6301 /* Halo@2x.png */,
				4D6531B31ABE771600CA6301 /* Starfield@2x.png */,
			);
			name = Images;
			path = "/Users/Mark/learning/xcodeproj/SpaceCannon/Space Cannon/Images";
			sourceTree = "<absolute>";
		};
		4DD07EEE1AB129A000846D9A = {
			isa = PBXGroup;
			children = (
				4D2BA25B1ABE82320001758A /* Sounds */,
				4DD07F021AB129A000846D9A /* Space Cannon */,
				4DD07F291AB129A000846D9A /* Space CannonTests */,
				4DD07EF91AB129A000846D9A /* Frameworks */,
				4DD07EF81AB129A000846D9A /* Products */,
			);
			sourceTree = "<group>";
		};
		4DD07EF81AB129A000846D9A /* Products */ = {
			isa = PBXGroup;
			children = (
				4DD07EF71AB129A000846D9A /* Space Cannon.app */,
				4DD07F221AB129A000846D9A /* Space CannonTests.xctest */,
			);
			name = Products;
			sourceTree = "<group>";
		};
		4DD07EF91AB129A000846D9A /* Frameworks */ = {
			isa = PBXGroup;
			children = (
				4DD07EFA1AB129A000846D9A /* Foundation.framework */,
				4DD07EFC1AB129A000846D9A /* CoreGraphics.framework */,
				4DD07EFE1AB129A000846D9A /* UIKit.framework */,
				4DD07F001AB129A000846D9A /* SpriteKit.framework */,
				4DD07F231AB129A000846D9A /* XCTest.framework */,
			);
			name = Frameworks;
			sourceTree = "<group>";
		};
		4DD07F021AB129A000846D9A /* Space Cannon */ = {
			isa = PBXGroup;
			children = (
				4D2BA2501ABE81940001758A /* Sounds */,
				4D6531A71ABE771600CA6301 /* Images */,
				4DD07F0B1AB129A000846D9A /* CCAppDelegate.h */,
				4DD07F0C1AB129A000846D9A /* CCAppDelegate.m */,
				4DD07F0E1AB129A000846D9A /* Main_iPhone.storyboard */,
				4DD07F111AB129A000846D9A /* Main_iPad.storyboard */,
				4DD07F141AB129A000846D9A /* CCViewController.h */,
				4DD07F151AB129A000846D9A /* CCViewController.m */,
				4DD07F171AB129A000846D9A /* CCMyScene.h */,
				4DD07F181AB129A000846D9A /* CCMyScene.m */,
				4D9130C91AC1489F00D418E4 /* CCBall.h */,
				4D9130CA1AC1489F00D418E4 /* CCBall.m */,
				4D9130C71AC1455200D418E4 /* BallTrail.sks */,
				4DD07F1C1AB129A000846D9A /* Images.xcassets */,
				4DD07F031AB129A000846D9A /* Supporting Files */,
				4D00FF3F1AB7DEB100848A9D /* HaloExplosion.sks */,
				4D00FF401AB7DEB100848A9D /* spark.png */,
				4D00FF431AB7F30800848A9D /* MyParticle.sks */,
				4D00FF451AB7F34600848A9D /* LifeBarExplosion.sks */,
				4D2BA2661ABE89E60001758A /* CCMenu.h */,
				4D2BA2671ABE89E60001758A /* CCMenu.m */,
			);
			path = "Space Cannon";
			sourceTree = "<group>";
		};
		4DD07F031AB129A000846D9A /* Supporting Files */ = {
			isa = PBXGroup;
			children = (
				4DD07F041AB129A000846D9A /* Space Cannon-Info.plist */,
				4DD07F051AB129A000846D9A /* InfoPlist.strings */,
				4DD07F081AB129A000846D9A /* main.m */,
				4DD07F0A1AB129A000846D9A /* Space Cannon-Prefix.pch */,
			);
			name = "Supporting Files";
			sourceTree = "<group>";
		};
		4DD07F291AB129A000846D9A /* Space CannonTests */ = {
			isa = PBXGroup;
			children = (
				4DD07F2F1AB129A000846D9A /* Space_CannonTests.m */,
				4DD07F2A1AB129A000846D9A /* Supporting Files */,
			);
			path = "Space CannonTests";
			sourceTree = "<group>";
		};
		4DD07F2A1AB129A000846D9A /* Supporting Files */ = {
			isa = PBXGroup;
			children = (
				4DD07F2B1AB129A000846D9A /* Space CannonTests-Info.plist */,
				4DD07F2C1AB129A000846D9A /* InfoPlist.strings */,
			);
			name = "Supporting Files";
			sourceTree = "<group>";
		};
/* End PBXGroup section */

/* Begin PBXNativeTarget section */
		4DD07EF61AB129A000846D9A /* Space Cannon */ = {
			isa = PBXNativeTarget;
			buildConfigurationList = 4DD07F331AB129A000846D9A /* Build configuration list for PBXNativeTarget "Space Cannon" */;
			buildPhases = (
				4DD07EF31AB129A000846D9A /* Sources */,
				4DD07EF41AB129A000846D9A /* Frameworks */,
				4DD07EF51AB129A000846D9A /* Resources */,
			);
			buildRules = (
			);
			dependencies = (
			);
			name = "Space Cannon";
			productName = "Space Cannon";
			productReference = 4DD07EF71AB129A000846D9A /* Space Cannon.app */;
			productType = "com.apple.product-type.application";
		};
		4DD07F211AB129A000846D9A /* Space CannonTests */ = {
			isa = PBXNativeTarget;
			buildConfigurationList = 4DD07F361AB129A000846D9A /* Build configuration list for PBXNativeTarget "Space CannonTests" */;
			buildPhases = (
				4DD07F1E1AB129A000846D9A /* Sources */,
				4DD07F1F1AB129A000846D9A /* Frameworks */,
				4DD07F201AB129A000846D9A /* Resources */,
			);
			buildRules = (
			);
			dependencies = (
				4DD07F281AB129A000846D9A /* PBXTargetDependency */,
			);
			name = "Space CannonTests";
			productName = "Space CannonTests";
			productReference = 4DD07F221AB129A000846D9A /* Space CannonTests.xctest */;
			productType = "com.apple.product-type.bundle.unit-test";
		};
/* End PBXNativeTarget section */

/* Begin PBXProject section */
		4DD07EEF1AB129A000846D9A /* Project object */ = {
			isa = PBXProject;
			attributes = {
				CLASSPREFIX = CC;
				LastUpgradeCheck = 0510;
				ORGANIZATIONNAME = MarkInc;
				TargetAttributes = {
					4DD07F211AB129A000846D9A = {
						TestTargetID = 4DD07EF61AB129A000846D9A;
					};
				};
			};
			buildConfigurationList = 4DD07EF21AB129A000846D9A /* Build configuration list for PBXProject "Space Cannon" */;
			compatibilityVersion = "Xcode 3.2";
			developmentRegion = English;
			hasScannedForEncodings = 0;
			knownRegions = (
				en,
				Base,
			);
			mainGroup = 4DD07EEE1AB129A000846D9A;
			productRefGroup = 4DD07EF81AB129A000846D9A /* Products */;
			projectDirPath = "";
			projectRoot = "";
			targets = (
				4DD07EF61AB129A000846D9A /* Space Cannon */,
				4DD07F211AB129A000846D9A /* Space CannonTests */,
			);
		};
/* End PBXProject section */

/* Begin PBXResourcesBuildPhase section */
		4DD07EF51AB129A000846D9A /* Resources */ = {
			isa = PBXResourcesBuildPhase;
			buildActionMask = 2147483647;
			files = (
				4D109E651ABE7ABB00D1BC76 /* PlayButton@2x.png in Resources */,
				4D6531BE1ABE771600CA6301 /* Ammo5@2x.png in Resources */,
				4D6531BF1ABE771600CA6301 /* Ball@2x.png in Resources */,
				4D9130C81AC1455200D418E4 /* BallTrail.sks in Resources */,
				4D00FF421AB7DEB100848A9D /* spark.png in Resources */,
				4D6531C01ABE771600CA6301 /* Block@2x.png in Resources */,
				4D6531BB1ABE771600CA6301 /* Ammo2@2x.png in Resources */,
				4D2BA2631ABE82320001758A /* Explosion.caf in Resources */,
				4D109E661ABE7ABB00D1BC76 /* ScoreBoard@2x.png in Resources */,
				4DD07F1D1AB129A000846D9A /* Images.xcassets in Resources */,
				4D2BA2591ABE81940001758A /* Laser.caf in Resources */,
				4D6531B91ABE771600CA6301 /* Ammo0@2x.png in Resources */,
				4D2BA2561ABE81940001758A /* Azure.caf in Resources */,
				4D6531C41ABE771600CA6301 /* Starfield@2x.png in Resources */,
				4D6531C21ABE771600CA6301 /* Cannon@2x.png in Resources */,
				4D6531BD1ABE771600CA6301 /* Ammo4@2x.png in Resources */,
				4D2BA2611ABE82320001758A /* Azure.caf in Resources */,
				4D6531C31ABE771600CA6301 /* Halo@2x.png in Resources */,
				4D2BA2571ABE81940001758A /* DeepExplosion.caf in Resources */,
				4D3EC6661AC1210D00E93FC2 /* Bounce.caf in Resources */,
				4D2BA2621ABE82320001758A /* DeepExplosion.caf in Resources */,
				4D2BA25A1ABE81940001758A /* Zap.caf in Resources */,
				4DD07F131AB129A000846D9A /* Main_iPad.storyboard in Resources */,
				4D2BA2641ABE82320001758A /* Laser.caf in Resources */,
				4D00FF441AB7F30800848A9D /* MyParticle.sks in Resources */,
				4DD07F101AB129A000846D9A /* Main_iPhone.storyboard in Resources */,
				4D6531BC1ABE771600CA6301 /* Ammo3@2x.png in Resources */,
				4D6531C11ABE771600CA6301 /* BlueBar@2x.png in Resources */,
				4D109E681ABE7ABB00D1BC76 /* Title@2x.png in Resources */,
				4D00FF411AB7DEB100848A9D /* HaloExplosion.sks in Resources */,
				4D00FF461AB7F34600848A9D /* LifeBarExplosion.sks in Resources */,
				4D2BA2581ABE81940001758A /* Explosion.caf in Resources */,
				4DD07F071AB129A000846D9A /* InfoPlist.strings in Resources */,
				4D109E671ABE7ABB00D1BC76 /* Starfield@2x.png in Resources */,
				4D2BA2651ABE82320001758A /* Zap.caf in Resources */,
				4D6531BA1ABE771600CA6301 /* Ammo1@2x.png in Resources */,
			);
			runOnlyForDeploymentPostprocessing = 0;
		};
		4DD07F201AB129A000846D9A /* Resources */ = {
			isa = PBXResourcesBuildPhase;
			buildActionMask = 2147483647;
			files = (
				4DD07F2E1AB129A000846D9A /* InfoPlist.strings in Resources */,
			);
			runOnlyForDeploymentPostprocessing = 0;
		};
/* End PBXResourcesBuildPhase section */

/* Begin PBXSourcesBuildPhase section */
		4DD07EF31AB129A000846D9A /* Sources */ = {
			isa = PBXSourcesBuildPhase;
			buildActionMask = 2147483647;
			files = (
				4DD07F191AB129A000846D9A /* CCMyScene.m in Sources */,
				4DD07F0D1AB129A000846D9A /* CCAppDelegate.m in Sources */,
				4D9130CB1AC1489F00D418E4 /* CCBall.m in Sources */,
				4D2BA2681ABE89E60001758A /* CCMenu.m in Sources */,
				4DD07F091AB129A000846D9A /* main.m in Sources */,
				4DD07F161AB129A000846D9A /* CCViewController.m in Sources */,
			);
			runOnlyForDeploymentPostprocessing = 0;
		};
		4DD07F1E1AB129A000846D9A /* Sources */ = {
			isa = PBXSourcesBuildPhase;
			buildActionMask = 2147483647;
			files = (
				4DD07F301AB129A000846D9A /* Space_CannonTests.m in Sources */,
			);
			runOnlyForDeploymentPostprocessing = 0;
		};
/* End PBXSourcesBuildPhase section */

/* Begin PBXTargetDependency section */
		4DD07F281AB129A000846D9A /* PBXTargetDependency */ = {
			isa = PBXTargetDependency;
			target = 4DD07EF61AB129A000846D9A /* Space Cannon */;
			targetProxy = 4DD07F271AB129A000846D9A /* PBXContainerItemProxy */;
		};
/* End PBXTargetDependency section */

/* Begin PBXVariantGroup section */
		4DD07F051AB129A000846D9A /* InfoPlist.strings */ = {
			isa = PBXVariantGroup;
			children = (
				4DD07F061AB129A000846D9A /* en */,
			);
			name = InfoPlist.strings;
			sourceTree = "<group>";
		};
		4DD07F0E1AB129A000846D9A /* Main_iPhone.storyboard */ = {
			isa = PBXVariantGroup;
			children = (
				4DD07F0F1AB129A000846D9A /* Base */,
			);
			name = Main_iPhone.storyboard;
			sourceTree = "<group>";
		};
		4DD07F111AB129A000846D9A /* Main_iPad.storyboard */ = {
			isa = PBXVariantGroup;
			children = (
				4DD07F121AB129A000846D9A /* Base */,
			);
			name = Main_iPad.storyboard;
			sourceTree = "<group>";
		};
		4DD07F2C1AB129A000846D9A /* InfoPlist.strings */ = {
			isa = PBXVariantGroup;
			children = (
				4DD07F2D1AB129A000846D9A /* en */,
			);
			name = InfoPlist.strings;
			sourceTree = "<group>";
		};
/* End PBXVariantGroup section */

/* Begin XCBuildConfiguration section */
		4DD07F311AB129A000846D9A /* Debug */ = {
			isa = XCBuildConfiguration;
			buildSettings = {
				ALWAYS_SEARCH_USER_PATHS = NO;
				CLANG_CXX_LANGUAGE_STANDARD = "gnu++0x";
				CLANG_CXX_LIBRARY = "libc++";
				CLANG_ENABLE_MODULES = YES;
				CLANG_ENABLE_OBJC_ARC = YES;
				CLANG_WARN_BOOL_CONVERSION = YES;
				CLANG_WARN_CONSTANT_CONVERSION = YES;
				CLANG_WARN_DIRECT_OBJC_ISA_USAGE = YES_ERROR;
				CLANG_WARN_EMPTY_BODY = YES;
				CLANG_WARN_ENUM_CONVERSION = YES;
				CLANG_WARN_INT_CONVERSION = YES;
				CLANG_WARN_OBJC_ROOT_CLASS = YES_ERROR;
				CLANG_WARN__DUPLICATE_METHOD_MATCH = YES;
				"CODE_SIGN_IDENTITY[sdk=iphoneos*]" = "iPhone Developer";
				COPY_PHASE_STRIP = NO;
				GCC_C_LANGUAGE_STANDARD = gnu99;
				GCC_DYNAMIC_NO_PIC = NO;
				GCC_OPTIMIZATION_LEVEL = 0;
				GCC_PREPROCESSOR_DEFINITIONS = (
					"DEBUG=1",
					"$(inherited)",
				);
				GCC_SYMBOLS_PRIVATE_EXTERN = NO;
				GCC_WARN_64_TO_32_BIT_CONVERSION = YES;
				GCC_WARN_ABOUT_RETURN_TYPE = YES_ERROR;
				GCC_WARN_UNDECLARED_SELECTOR = YES;
				GCC_WARN_UNINITIALIZED_AUTOS = YES_AGGRESSIVE;
				GCC_WARN_UNUSED_FUNCTION = YES;
				GCC_WARN_UNUSED_VARIABLE = YES;
				IPHONEOS_DEPLOYMENT_TARGET = 7.1;
				ONLY_ACTIVE_ARCH = YES;
				SDKROOT = iphoneos;
				TARGETED_DEVICE_FAMILY = "1,2";
			};
			name = Debug;
		};
		4DD07F321AB129A000846D9A /* Release */ = {
			isa = XCBuildConfiguration;
			buildSettings = {
				ALWAYS_SEARCH_USER_PATHS = NO;
				CLANG_CXX_LANGUAGE_STANDARD = "gnu++0x";
				CLANG_CXX_LIBRARY = "libc++";
				CLANG_ENABLE_MODULES = YES;
				CLANG_ENABLE_OBJC_ARC = YES;
				CLANG_WARN_BOOL_CONVERSION = YES;
				CLANG_WARN_CONSTANT_CONVERSION = YES;
				CLANG_WARN_DIRECT_OBJC_ISA_USAGE = YES_ERROR;
				CLANG_WARN_EMPTY_BODY = YES;
				CLANG_WARN_ENUM_CONVERSION = YES;
				CLANG_WARN_INT_CONVERSION = YES;
				CLANG_WARN_OBJC_ROOT_CLASS = YES_ERROR;
				CLANG_WARN__DUPLICATE_METHOD_MATCH = YES;
				"CODE_SIGN_IDENTITY[sdk=iphoneos*]" = "iPhone Developer";
				COPY_PHASE_STRIP = YES;
				ENABLE_NS_ASSERTIONS = NO;
				GCC_C_LANGUAGE_STANDARD = gnu99;
				GCC_WARN_64_TO_32_BIT_CONVERSION = YES;
				GCC_WARN_ABOUT_RETURN_TYPE = YES_ERROR;
				GCC_WARN_UNDECLARED_SELECTOR = YES;
				GCC_WARN_UNINITIALIZED_AUTOS = YES_AGGRESSIVE;
				GCC_WARN_UNUSED_FUNCTION = YES;
				GCC_WARN_UNUSED_VARIABLE = YES;
				IPHONEOS_DEPLOYMENT_TARGET = 7.1;
				SDKROOT = iphoneos;
				TARGETED_DEVICE_FAMILY = "1,2";
				VALIDATE_PRODUCT = YES;
			};
			name = Release;
		};
		4DD07F341AB129A000846D9A /* Debug */ = {
			isa = XCBuildConfiguration;
			buildSettings = {
				ASSETCATALOG_COMPILER_APPICON_NAME = AppIcon;
				ASSETCATALOG_COMPILER_LAUNCHIMAGE_NAME = LaunchImage;
				CODE_SIGN_IDENTITY = "iPhone Developer";
				GCC_PRECOMPILE_PREFIX_HEADER = YES;
				GCC_PREFIX_HEADER = "Space Cannon/Space Cannon-Prefix.pch";
				INFOPLIST_FILE = "Space Cannon/Space Cannon-Info.plist";
				IPHONEOS_DEPLOYMENT_TARGET = 7.1;
				PRODUCT_NAME = "$(TARGET_NAME)";
				SPRITEKIT_TEXTURE_ATLAS_OUTPUT = YES;
				TARGETED_DEVICE_FAMILY = 1;
				WRAPPER_EXTENSION = app;
			};
			name = Debug;
		};
		4DD07F351AB129A000846D9A /* Release */ = {
			isa = XCBuildConfiguration;
			buildSettings = {
				ASSETCATALOG_COMPILER_APPICON_NAME = AppIcon;
				ASSETCATALOG_COMPILER_LAUNCHIMAGE_NAME = LaunchImage;
				CODE_SIGN_IDENTITY = "iPhone Developer";
				GCC_PRECOMPILE_PREFIX_HEADER = YES;
				GCC_PREFIX_HEADER = "Space Cannon/Space Cannon-Prefix.pch";
				INFOPLIST_FILE = "Space Cannon/Space Cannon-Info.plist";
				IPHONEOS_DEPLOYMENT_TARGET = 7.1;
				PRODUCT_NAME = "$(TARGET_NAME)";
				SPRITEKIT_TEXTURE_ATLAS_OUTPUT = YES;
				TARGETED_DEVICE_FAMILY = 1;
				WRAPPER_EXTENSION = app;
			};
			name = Release;
		};
		4DD07F371AB129A000846D9A /* Debug */ = {
			isa = XCBuildConfiguration;
			buildSettings = {
				BUNDLE_LOADER = "$(BUILT_PRODUCTS_DIR)/Space Cannon.app/Space Cannon";
				FRAMEWORK_SEARCH_PATHS = (
					"$(SDKROOT)/Developer/Library/Frameworks",
					"$(inherited)",
					"$(DEVELOPER_FRAMEWORKS_DIR)",
				);
				GCC_PRECOMPILE_PREFIX_HEADER = YES;
				GCC_PREFIX_HEADER = "Space Cannon/Space Cannon-Prefix.pch";
				GCC_PREPROCESSOR_DEFINITIONS = (
					"DEBUG=1",
					"$(inherited)",
				);
				INFOPLIST_FILE = "Space CannonTests/Space CannonTests-Info.plist";
				PRODUCT_NAME = "$(TARGET_NAME)";
				TEST_HOST = "$(BUNDLE_LOADER)";
				WRAPPER_EXTENSION = xctest;
			};
			name = Debug;
		};
		4DD07F381AB129A000846D9A /* Release */ = {
			isa = XCBuildConfiguration;
			buildSettings = {
				BUNDLE_LOADER = "$(BUILT_PRODUCTS_DIR)/Space Cannon.app/Space Cannon";
				FRAMEWORK_SEARCH_PATHS = (
					"$(SDKROOT)/Developer/Library/Frameworks",
					"$(inherited)",
					"$(DEVELOPER_FRAMEWORKS_DIR)",
				);
				GCC_PRECOMPILE_PREFIX_HEADER = YES;
				GCC_PREFIX_HEADER = "Space Cannon/Space Cannon-Prefix.pch";
				INFOPLIST_FILE = "Space CannonTests/Space CannonTests-Info.plist";
				PRODUCT_NAME = "$(TARGET_NAME)";
				TEST_HOST = "$(BUNDLE_LOADER)";
				WRAPPER_EXTENSION = xctest;
			};
			name = Release;
		};
/* End XCBuildConfiguration section */

/* Begin XCConfigurationList section */
		4DD07EF21AB129A000846D9A /* Build configuration list for PBXProject "Space Cannon" */ = {
			isa = XCConfigurationList;
			buildConfigurations = (
				4DD07F311AB129A000846D9A /* Debug */,
				4DD07F321AB129A000846D9A /* Release */,
			);
			defaultConfigurationIsVisible = 0;
			defaultConfigurationName = Release;
		};
		4DD07F331AB129A000846D9A /* Build configuration list for PBXNativeTarget "Space Cannon" */ = {
			isa = XCConfigurationList;
			buildConfigurations = (
				4DD07F341AB129A000846D9A /* Debug */,
				4DD07F351AB129A000846D9A /* Release */,
			);
			defaultConfigurationIsVisible = 0;
			defaultConfigurationName = Release;
		};
		4DD07F361AB129A000846D9A /* Build configuration list for PBXNativeTarget "Space CannonTests" */ = {
			isa = XCConfigurationList;
			buildConfigurations = (
				4DD07F371AB129A000846D9A /* Debug */,
				4DD07F381AB129A000846D9A /* Release */,
			);
			defaultConfigurationIsVisible = 0;
			defaultConfigurationName = Release;
		};
/* End XCConfigurationList section */
	};
	rootObject = 4DD07EEF1AB129A000846D9A /* Project object */;
}
